
Microsoft Visual Studio Solution File, Format Version 12.00
Project("{FAE04EC0-301F-11D3-BF4B-00C04F79EFBC}") = "GrowableMoondewNectarMod", "GrowableMoondewNectarMod.csproj", "{2F5FE686-6CE1-46A3-BB72-15562A21AEAB}"
EndProject
Global
	GlobalSection(SolutionConfigurationPlatforms) = preSolution
		Debug|Any CPU = Debug|Any CPU
		Release|Any CPU = Release|Any CPU
	EndGlobalSection
	GlobalSection(ProjectConfigurationPlatforms) = postSolution
		{2F5FE686-6CE1-46A3-BB72-15562A21AEAB}.Debug|Any CPU.ActiveCfg = Debug|Any CPU
		{2F5FE686-6CE1-46A3-BB72-15562A21AEAB}.Debug|Any CPU.Build.0 = Debug|Any CPU
		{2F5FE686-6CE1-46A3-BB72-15562A21AEAB}.Release|Any CPU.ActiveCfg = Release|Any CPU
		{2F5FE686-6CE1-46A3-BB72-15562A21AEAB}.Release|Any CPU.Build.0 = Release|Any CPU
	EndGlobalSection
EndGlobal
